
Microsoft Visual Studio Solution File, Format Version 12.00
# Visual Studio Version 17
VisualStudioVersion = 17.1.32328.378
MinimumVisualStudioVersion = 10.0.40219.1
Project("{FAE04EC0-301F-11D3-BF4B-00C04F79EFBC}") = "CorpoHumanoMolecular", "CorpoHumanoMolecular\CorpoHumanoMolecular.csproj", "{99C2FED8-F091-4C30-A06D-703FE27DA2FF}"
EndProject
Global
	GlobalSection(SolutionConfigurationPlatforms) = preSolution
		Debug|Any CPU = Debug|Any CPU
		Release|Any CPU = Release|Any CPU
	EndGlobalSection
	GlobalSection(ProjectConfigurationPlatforms) = postSolution
		{99C2FED8-F091-4C30-A06D-703FE27DA2FF}.Debug|Any CPU.ActiveCfg = Debug|Any CPU
		{99C2FED8-F091-4C30-A06D-703FE27DA2FF}.Debug|Any CPU.Build.0 = Debug|Any CPU
		{99C2FED8-F091-4C30-A06D-703FE27DA2FF}.Release|Any CPU.ActiveCfg = Release|Any CPU
		{99C2FED8-F091-4C30-A06D-703FE27DA2FF}.Release|Any CPU.Build.0 = Release|Any CPU
	EndGlobalSection
	GlobalSection(SolutionProperties) = preSolution
		HideSolutionNode = FALSE
	EndGlobalSection
	GlobalSection(ExtensibilityGlobals) = postSolution
		SolutionGuid = {D211535F-1173-4261-8004-666FA660FF41}
	EndGlobalSection
EndGlobal
